
Microsoft Visual Studio Solution File, Format Version 12.00
Project("{FAE04EC0-301F-11D3-BF4B-00C04F79EFBC}") = "WebApiNotes", "WebApiNotes.csproj", "{9D33C104-4677-466F-A8F5-AFA8C6B48FE0}"
EndProject
Global
	GlobalSection(SolutionConfigurationPlatforms) = preSolution
		Debug|Any CPU = Debug|Any CPU
		Release|Any CPU = Release|Any CPU
	EndGlobalSection
	GlobalSection(ProjectConfigurationPlatforms) = postSolution
		{9D33C104-4677-466F-A8F5-AFA8C6B48FE0}.Debug|Any CPU.ActiveCfg = Debug|Any CPU
		{9D33C104-4677-466F-A8F5-AFA8C6B48FE0}.Debug|Any CPU.Build.0 = Debug|Any CPU
		{9D33C104-4677-466F-A8F5-AFA8C6B48FE0}.Release|Any CPU.ActiveCfg = Release|Any CPU
		{9D33C104-4677-466F-A8F5-AFA8C6B48FE0}.Release|Any CPU.Build.0 = Release|Any CPU
	EndGlobalSection
EndGlobal
